
Microsoft Visual Studio Solution File, Format Version 12.00
# Visual Studio 15
VisualStudioVersion = 15.0.28307.168
MinimumVisualStudioVersion = 10.0.40219.1
Project("{FAE04EC0-301F-11D3-BF4B-00C04F79EFBC}") = "Atividade dia 20", "Atividade dia 20\Atividade dia 20.csproj", "{76067916-545B-483D-9924-ABABFFE263D3}"
EndProject
Global
	GlobalSection(SolutionConfigurationPlatforms) = preSolution
		Debug|Any CPU = Debug|Any CPU
		Release|Any CPU = Release|Any CPU
	EndGlobalSection
	GlobalSection(ProjectConfigurationPlatforms) = postSolution
		{76067916-545B-483D-9924-ABABFFE263D3}.Debug|Any CPU.ActiveCfg = Debug|Any CPU
		{76067916-545B-483D-9924-ABABFFE263D3}.Debug|Any CPU.Build.0 = Debug|Any CPU
		{76067916-545B-483D-9924-ABABFFE263D3}.Release|Any CPU.ActiveCfg = Release|Any CPU
		{76067916-545B-483D-9924-ABABFFE263D3}.Release|Any CPU.Build.0 = Release|Any CPU
	EndGlobalSection
	GlobalSection(SolutionProperties) = preSolution
		HideSolutionNode = FALSE
	EndGlobalSection
	GlobalSection(ExtensibilityGlobals) = postSolution
		SolutionGuid = {A1B32450-F823-49AA-88FD-7887BDF4C604}
	EndGlobalSection
EndGlobal
